NeoBundleLock AutoComplPop 0b075cf5e6ef05584ef6377e116e8d0fe1f8f788
NeoBundleLock bufexplorer fef1f3936505d0e56a9c0111db92fe2738d76736
NeoBundleLock ctrlp.vim e445faa48838c33134a6e1ace7881e811cc93b40
NeoBundleLock neobundle.vim 9c62a8fcf9eb42d3956c703943c99f06a63112e6
NeoBundleLock neosnippet-snippets 34dec3c984bcae52a871d6d0954030cb23802305
NeoBundleLock neosnippet.vim a1508f88729e1c5912dd12417553f178494c4dd2
NeoBundleLock vim-airline 7a720bbbd74b22fc029844c9ff087bbc1e09effb
NeoBundleLock vim-airline-themes 020b843077f6b2b3b85070b08203babbffbfeaca
NeoBundleLock vim-clang-format b84a2a819cbbd29a9f0fdb190717de1d0d9e1afc
NeoBundleLock vim-colorschemes b8dff40f69f1873effbed97c759a8452ecb240ed
NeoBundleLock vim-fugitive aac85a268e89a6c8be79341e130ac90256fadbd6
NeoBundleLock vim-gitgutter 402257f920ea7e75af6c0a0c1a33ec4c0cd9d4a8
NeoBundleLock vim-python-pep8-indent 7dfebca4ed468be64afffd8107e7a87f35d8ef5b
NeoBundleLock vim-tmux-navigator e79d4c0c24c43d3ada283b1f5a1b8fa6cf820a70
NeoBundleLock vimshell 3787e52766812d8b99a93ccdda57517bc2a0bab6
